
Microsoft Visual Studio Solution File, Format Version 12.00
# Visual Studio 2012
Project("{FAE04EC0-301F-11D3-BF4B-00C04F79EFBC}") = "WifiPhotonHouse", "WifiPhotonHouse\WifiPhotonHouse.csproj", "{5380293F-3EF9-426C-B845-A7316462F9C1}"
EndProject
Project("{FAE04EC0-301F-11D3-BF4B-00C04F79EFBC}") = "WifiPhotonHouse.iOS", "iOS\WifiPhotonHouse.iOS.csproj", "{B1194330-CFF5-452B-AE3E-AB8835947A7E}"
EndProject
Project("{FAE04EC0-301F-11D3-BF4B-00C04F79EFBC}") = "WifiPhotonHouse.Droid", "Droid\WifiPhotonHouse.Droid.csproj", "{669D96AB-A009-44A0-93EB-CD0E9B643878}"
EndProject
Global
	GlobalSection(SolutionConfigurationPlatforms) = preSolution
		Debug|Any CPU = Debug|Any CPU
		Release|Any CPU = Release|Any CPU
		Debug|iPhoneSimulator = Debug|iPhoneSimulator
		Release|iPhone = Release|iPhone
		Release|iPhoneSimulator = Release|iPhoneSimulator
		Debug|iPhone = Debug|iPhone
	EndGlobalSection
	GlobalSection(ProjectConfigurationPlatforms) = postSolution
		{5380293F-3EF9-426C-B845-A7316462F9C1}.Debug|Any CPU.ActiveCfg = Debug|Any CPU
		{5380293F-3EF9-426C-B845-A7316462F9C1}.Debug|Any CPU.Build.0 = Debug|Any CPU
		{5380293F-3EF9-426C-B845-A7316462F9C1}.Release|Any CPU.ActiveCfg = Release|Any CPU
		{5380293F-3EF9-426C-B845-A7316462F9C1}.Release|Any CPU.Build.0 = Release|Any CPU
		{5380293F-3EF9-426C-B845-A7316462F9C1}.Debug|iPhoneSimulator.ActiveCfg = Debug|Any CPU
		{5380293F-3EF9-426C-B845-A7316462F9C1}.Debug|iPhoneSimulator.Build.0 = Debug|Any CPU
		{5380293F-3EF9-426C-B845-A7316462F9C1}.Release|iPhone.ActiveCfg = Release|Any CPU
		{5380293F-3EF9-426C-B845-A7316462F9C1}.Release|iPhone.Build.0 = Release|Any CPU
		{5380293F-3EF9-426C-B845-A7316462F9C1}.Release|iPhoneSimulator.ActiveCfg = Release|Any CPU
		{5380293F-3EF9-426C-B845-A7316462F9C1}.Release|iPhoneSimulator.Build.0 = Release|Any CPU
		{5380293F-3EF9-426C-B845-A7316462F9C1}.Debug|iPhone.ActiveCfg = Debug|Any CPU
		{5380293F-3EF9-426C-B845-A7316462F9C1}.Debug|iPhone.Build.0 = Debug|Any CPU
		{B1194330-CFF5-452B-AE3E-AB8835947A7E}.Debug|Any CPU.ActiveCfg = Debug|iPhoneSimulator
		{B1194330-CFF5-452B-AE3E-AB8835947A7E}.Debug|Any CPU.Build.0 = Debug|iPhoneSimulator
		{B1194330-CFF5-452B-AE3E-AB8835947A7E}.Release|Any CPU.ActiveCfg = Release|iPhone
		{B1194330-CFF5-452B-AE3E-AB8835947A7E}.Release|Any CPU.Build.0 = Release|iPhone
		{B1194330-CFF5-452B-AE3E-AB8835947A7E}.Debug|iPhoneSimulator.ActiveCfg = Debug|iPhoneSimulator
		{B1194330-CFF5-452B-AE3E-AB8835947A7E}.Debug|iPhoneSimulator.Build.0 = Debug|iPhoneSimulator
		{B1194330-CFF5-452B-AE3E-AB8835947A7E}.Release|iPhone.ActiveCfg = Release|iPhone
		{B1194330-CFF5-452B-AE3E-AB8835947A7E}.Release|iPhone.Build.0 = Release|iPhone
		{B1194330-CFF5-452B-AE3E-AB8835947A7E}.Release|iPhoneSimulator.ActiveCfg = Release|iPhoneSimulator
		{B1194330-CFF5-452B-AE3E-AB8835947A7E}.Release|iPhoneSimulator.Build.0 = Release|iPhoneSimulator
		{B1194330-CFF5-452B-AE3E-AB8835947A7E}.Debug|iPhone.ActiveCfg = Debug|iPhone
		{B1194330-CFF5-452B-AE3E-AB8835947A7E}.Debug|iPhone.Build.0 = Debug|iPhone
		{669D96AB-A009-44A0-93EB-CD0E9B643878}.Debug|Any CPU.ActiveCfg = Debug|Any CPU
		{669D96AB-A009-44A0-93EB-CD0E9B643878}.Debug|Any CPU.Build.0 = Debug|Any CPU
		{669D96AB-A009-44A0-93EB-CD0E9B643878}.Release|Any CPU.ActiveCfg = Release|Any CPU
		{669D96AB-A009-44A0-93EB-CD0E9B643878}.Release|Any CPU.Build.0 = Release|Any CPU
		{669D96AB-A009-44A0-93EB-CD0E9B643878}.Debug|iPhoneSimulator.ActiveCfg = Debug|Any CPU
		{669D96AB-A009-44A0-93EB-CD0E9B643878}.Debug|iPhoneSimulator.Build.0 = Debug|Any CPU
		{669D96AB-A009-44A0-93EB-CD0E9B643878}.Release|iPhone.ActiveCfg = Release|Any CPU
		{669D96AB-A009-44A0-93EB-CD0E9B643878}.Release|iPhone.Build.0 = Release|Any CPU
		{669D96AB-A009-44A0-93EB-CD0E9B643878}.Release|iPhoneSimulator.ActiveCfg = Release|Any CPU
		{669D96AB-A009-44A0-93EB-CD0E9B643878}.Release|iPhoneSimulator.Build.0 = Release|Any CPU
		{669D96AB-A009-44A0-93EB-CD0E9B643878}.Debug|iPhone.ActiveCfg = Debug|Any CPU
		{669D96AB-A009-44A0-93EB-CD0E9B643878}.Debug|iPhone.Build.0 = Debug|Any CPU
	EndGlobalSection
EndGlobal
